
Microsoft Visual Studio Solution File, Format Version 12.00
# Visual Studio Version 17
VisualStudioVersion = 17.14.37216.2 d17.14
MinimumVisualStudioVersion = 10.0.40219.1
Project("{FAE04EC0-301F-11D3-BF4B-00C04F79EFBC}") = "PORTAL_ACADEMICO_DOMAIN", "PORTAL_ACADEMICO\PORTAL_ACADEMICO_DOMAIN.csproj", "{A20105FF-1C53-44BF-9038-524C04127CD8}"
EndProject
Project("{FAE04EC0-301F-11D3-BF4B-00C04F79EFBC}") = "PORTAL_ACADEMICO_APPLICATION", "PORTAL_ACADEMICO_APPLICATION\PORTAL_ACADEMICO_APPLICATION.csproj", "{FE65334F-FCBA-4AD1-9A46-5F961F13E536}"
EndProject
Global
	GlobalSection(SolutionConfigurationPlatforms) = preSolution
		Debug|Any CPU = Debug|Any CPU
		Release|Any CPU = Release|Any CPU
	EndGlobalSection
	GlobalSection(ProjectConfigurationPlatforms) = postSolution
		{A20105FF-1C53-44BF-9038-524C04127CD8}.Debug|Any CPU.ActiveCfg = Debug|Any CPU
		{A20105FF-1C53-44BF-9038-524C04127CD8}.Debug|Any CPU.Build.0 = Debug|Any CPU
		{A20105FF-1C53-44BF-9038-524C04127CD8}.Release|Any CPU.ActiveCfg = Release|Any CPU
		{A20105FF-1C53-44BF-9038-524C04127CD8}.Release|Any CPU.Build.0 = Release|Any CPU
		{FE65334F-FCBA-4AD1-9A46-5F961F13E536}.Debug|Any CPU.ActiveCfg = Debug|Any CPU
		{FE65334F-FCBA-4AD1-9A46-5F961F13E536}.Debug|Any CPU.Build.0 = Debug|Any CPU
		{FE65334F-FCBA-4AD1-9A46-5F961F13E536}.Release|Any CPU.ActiveCfg = Release|Any CPU
		{FE65334F-FCBA-4AD1-9A46-5F961F13E536}.Release|Any CPU.Build.0 = Release|Any CPU
	EndGlobalSection
	GlobalSection(SolutionProperties) = preSolution
		HideSolutionNode = FALSE
	EndGlobalSection
	GlobalSection(ExtensibilityGlobals) = postSolution
		SolutionGuid = {3FC00A6B-0FDF-4716-8EFC-EEEB640AD336}
	EndGlobalSection
EndGlobal
